// !$*UTF8*$!
{
	archiveVersion = 1;
	classes = {
	};
	objectVersion = 77;
	objects = {

/* Begin PBXContainerItemProxy section */
		628631892DB033AE0090F958 /* PBXContainerItemProxy */ = {
			isa = PBXContainerItemProxy;
			containerPortal = 628631722DB033AD0090F958 /* Project object */;
			proxyType = 1;
			remoteGlobalIDString = 628631792DB033AD0090F958;
			remoteInfo = bThermometer;
		};
		628631932DB033AE0090F958 /* PBXContainerItemProxy */ = {
			isa = PBXContainerItemProxy;
			containerPortal = 628631722DB033AD0090F958 /* Project object */;
			proxyType = 1;
			remoteGlobalIDString = 628631792DB033AD0090F958;
			remoteInfo = bThermometer;
		};
/* End PBXContainerItemProxy section */

/* Begin PBXFileReference section */
		6286317A2DB033AD0090F958 /* bThermometer.app */ = {isa = PBXFileReference; explicitFileType = wrapper.application; includeInIndex = 0; path = bThermometer.app; sourceTree = BUILT_PRODUCTS_DIR; };
		628631882DB033AE0090F958 /* bThermometerTests.xctest */ = {isa = PBXFileReference; explicitFileType = wrapper.cfbundle; includeInIndex = 0; path = bThermometerTests.xctest; sourceTree = BUILT_PRODUCTS_DIR; };
		628631922DB033AE0090F958 /* bThermometerUITests.xctest */ = {isa = PBXFileReference; explicitFileType = wrapper.cfbundle; includeInIndex = 0; path = bThermometerUITests.xctest; sourceTree = BUILT_PRODUCTS_DIR; };
/* End PBXFileReference section */

/* Begin PBXFileSystemSynchronizedRootGroup section */
		6286317C2DB033AD0090F958 /* bThermometer */ = {
			isa = PBXFileSystemSynchronizedRootGroup;
			path = bThermometer;
			sourceTree = "<group>";
		};
		6286318B2DB033AE0090F958 /* bThermometerTests */ = {
			isa = PBXFileSystemSynchronizedRootGroup;
			path = bThermometerTests;
			sourceTree = "<group>";
		};
		628631952DB033AE0090F958 /* bThermometerUITests */ = {
			isa = PBXFileSystemSynchronizedRootGroup;
			path = bThermometerUITests;
			sourceTree = "<group>";
		};
/* End PBXFileSystemSynchronizedRootGroup section */

/* Begin PBXFrameworksBuildPhase section */
		628631772DB033AD0090F958 /* Frameworks */ = {
			isa = PBXFrameworksBuildPhase;
			buildActionMask = 2147483647;
			files = (
			);
			runOnlyForDeploymentPostprocessing = 0;
		};
		628631852DB033AE0090F958 /* Frameworks */ = {
			isa = PBXFrameworksBuildPhase;
			buildActionMask = 2147483647;
			files = (
			);
			runOnlyForDeploymentPostprocessing = 0;
		};
		6286318F2DB033AE0090F958 /* Frameworks */ = {
			isa = PBXFrameworksBuildPhase;
			buildActionMask = 2147483647;
			files = (
			);
			runOnlyForDeploymentPostprocessing = 0;
		};
/* End PBXFrameworksBuildPhase section */

/* Begin PBXGroup section */
		628631712DB033AD0090F958 = {
			isa = PBXGroup;
			children = (
				6286317C2DB033AD0090F958 /* bThermometer */,
				6286318B2DB033AE0090F958 /* bThermometerTests */,
				628631952DB033AE0090F958 /* bThermometerUITests */,
				6286317B2DB033AD0090F958 /* Products */,
			);
			sourceTree = "<group>";
		};
		6286317B2DB033AD0090F958 /* Products */ = {
			isa = PBXGroup;
			children = (
				6286317A2DB033AD0090F958 /* bThermometer.app */,
				628631882DB033AE0090F958 /* bThermometerTests.xctest */,
				628631922DB033AE0090F958 /* bThermometerUITests.xctest */,
			);
			name = Products;
			sourceTree = "<group>";
		};
/* End PBXGroup section */

/* Begin PBXNativeTarget section */
		628631792DB033AD0090F958 /* bThermometer */ = {
			isa = PBXNativeTarget;
			buildConfigurationList = 6286319C2DB033AE0090F958 /* Build configuration list for PBXNativeTarget "bThermometer" */;
			buildPhases = (
				628631762DB033AD0090F958 /* Sources */,
				628631772DB033AD0090F958 /* Frameworks */,
				628631782DB033AD0090F958 /* Resources */,
			);
			buildRules = (
			);
			dependencies = (
			);
			fileSystemSynchronizedGroups = (
				6286317C2DB033AD0090F958 /* bThermometer */,
			);
			name = bThermometer;
			packageProductDependencies = (
			);
			productName = bThermometer;
			productReference = 6286317A2DB033AD0090F958 /* bThermometer.app */;
			productType = "com.apple.product-type.application";
		};
		628631872DB033AE0090F958 /* bThermometerTests */ = {
			isa = PBXNativeTarget;
			buildConfigurationList = 6286319F2DB033AE0090F958 /* Build configuration list for PBXNativeTarget "bThermometerTests" */;
			buildPhases = (
				628631842DB033AE0090F958 /* Sources */,
				628631852DB033AE0090F958 /* Frameworks */,
				628631862DB033AE0090F958 /* Resources */,
			);
			buildRules = (
			);
			dependencies = (
				6286318A2DB033AE0090F958 /* PBXTargetDependency */,
			);
			fileSystemSynchronizedGroups = (
				6286318B2DB033AE0090F958 /* bThermometerTests */,
			);
			name = bThermometerTests;
			packageProductDependencies = (
			);
			productName = bThermometerTests;
			productReference = 628631882DB033AE0090F958 /* bThermometerTests.xctest */;
			productType = "com.apple.product-type.bundle.unit-test";
		};
		628631912DB033AE0090F958 /* bThermometerUITests */ = {
			isa = PBXNativeTarget;
			buildConfigurationList = 628631A22DB033AE0090F958 /* Build configuration list for PBXNativeTarget "bThermometerUITests" */;
			buildPhases = (
				6286318E2DB033AE0090F958 /* Sources */,
				6286318F2DB033AE0090F958 /* Frameworks */,
				628631902DB033AE0090F958 /* Resources */,
			);
			buildRules = (
			);
			dependencies = (
				628631942DB033AE0090F958 /* PBXTargetDependency */,
			);
			fileSystemSynchronizedGroups = (
				628631952DB033AE0090F958 /* bThermometerUITests */,
			);
			name = bThermometerUITests;
			packageProductDependencies = (
			);
			productName = bThermometerUITests;
			productReference = 628631922DB033AE0090F958 /* bThermometerUITests.xctest */;
			productType = "com.apple.product-type.bundle.ui-testing";
		};
/* End PBXNativeTarget section */

/* Begin PBXProject section */
		628631722DB033AD0090F958 /* Project object */ = {
			isa = PBXProject;
			attributes = {
				BuildIndependentTargetsInParallel = 1;
				LastSwiftUpdateCheck = 1630;
				LastUpgradeCheck = 1630;
				TargetAttributes = {
					628631792DB033AD0090F958 = {
						CreatedOnToolsVersion = 16.3;
					};
					628631872DB033AE0090F958 = {
						CreatedOnToolsVersion = 16.3;
						TestTargetID = 628631792DB033AD0090F958;
					};
					628631912DB033AE0090F958 = {
						CreatedOnToolsVersion = 16.3;
						TestTargetID = 628631792DB033AD0090F958;
					};
				};
			};
			buildConfigurationList = 628631752DB033AD0090F958 /* Build configuration list for PBXProject "bThermometer" */;
			developmentRegion = en;
			hasScannedForEncodings = 0;
			knownRegions = (
				en,
				Base,
			);
			mainGroup = 628631712DB033AD0090F958;
			minimizedProjectReferenceProxies = 1;
			preferredProjectObjectVersion = 77;
			productRefGroup = 6286317B2DB033AD0090F958 /* Products */;
			projectDirPath = "";
			projectRoot = "";
			targets = (
				628631792DB033AD0090F958 /* bThermometer */,
				628631872DB033AE0090F958 /* bThermometerTests */,
				628631912DB033AE0090F958 /* bThermometerUITests */,
			);
		};
/* End PBXProject section */

/* Begin PBXResourcesBuildPhase section */
		628631782DB033AD0090F958 /* Resources */ = {
			isa = PBXResourcesBuildPhase;
			buildActionMask = 2147483647;
			files = (
			);
			runOnlyForDeploymentPostprocessing = 0;
		};
		628631862DB033AE0090F958 /* Resources */ = {
			isa = PBXResourcesBuildPhase;
			buildActionMask = 2147483647;
			files = (
			);
			runOnlyForDeploymentPostprocessing = 0;
		};
		628631902DB033AE0090F958 /* Resources */ = {
			isa = PBXResourcesBuildPhase;
			buildActionMask = 2147483647;
			files = (
			);
			runOnlyForDeploymentPostprocessing = 0;
		};
/* End PBXResourcesBuildPhase section */

/* Begin PBXSourcesBuildPhase section */
		628631762DB033AD0090F958 /* Sources */ = {
			isa = PBXSourcesBuildPhase;
			buildActionMask = 2147483647;
			files = (
			);
			runOnlyForDeploymentPostprocessing = 0;
		};
		628631842DB033AE0090F958 /* Sources */ = {
			isa = PBXSourcesBuildPhase;
			buildActionMask = 2147483647;
			files = (
			);
			runOnlyForDeploymentPostprocessing = 0;
		};
		6286318E2DB033AE0090F958 /* Sources */ = {
			isa = PBXSourcesBuildPhase;
			buildActionMask = 2147483647;
			files = (
			);
			runOnlyForDeploymentPostprocessing = 0;
		};
/* End PBXSourcesBuildPhase section */

/* Begin PBXTargetDependency section */
		6286318A2DB033AE0090F958 /* PBXTargetDependency */ = {
			isa = PBXTargetDependency;
			target = 628631792DB033AD0090F958 /* bThermometer */;
			targetProxy = 628631892DB033AE0090F958 /* PBXContainerItemProxy */;
		};
		628631942DB033AE0090F958 /* PBXTargetDependency */ = {
			isa = PBXTargetDependency;
			target = 628631792DB033AD0090F958 /* bThermometer */;
			targetProxy = 628631932DB033AE0090F958 /* PBXContainerItemProxy */;
		};
/* End PBXTargetDependency section */

/* Begin XCBuildConfiguration section */
		6286319A2DB033AE0090F958 /* Debug */ = {
			isa = XCBuildConfiguration;
			buildSettings = {
				ALWAYS_SEARCH_USER_PATHS = NO;
				ASSETCATALOG_COMPILER_GENERATE_SWIFT_ASSET_SYMBOL_EXTENSIONS = YES;
				CLANG_ANALYZER_NONNULL = YES;
				CLANG_ANALYZER_NUMBER_OBJECT_CONVERSION = YES_AGGRESSIVE;
				CLANG_CXX_LANGUAGE_STANDARD = "gnu++20";
				CLANG_ENABLE_MODULES = YES;
				CLANG_ENABLE_OBJC_ARC = YES;
				CLANG_ENABLE_OBJC_WEAK = YES;
				CLANG_WARN_BLOCK_CAPTURE_AUTORELEASING = YES;
				CLANG_WARN_BOOL_CONVERSION = YES;
				CLANG_WARN_COMMA = YES;
				CLANG_WARN_CONSTANT_CONVERSION = YES;
				CLANG_WARN_DEPRECATED_OBJC_IMPLEMENTATIONS = YES;
				CLANG_WARN_DIRECT_OBJC_ISA_USAGE = YES_ERROR;
				CLANG_WARN_DOCUMENTATION_COMMENTS = YES;
				CLANG_WARN_EMPTY_BODY = YES;
				CLANG_WARN_ENUM_CONVERSION = YES;
				CLANG_WARN_INFINITE_RECURSION = YES;
				CLANG_WARN_INT_CONVERSION = YES;
				CLANG_WARN_NON_LITERAL_NULL_CONVERSION = YES;
				CLANG_WARN_OBJC_IMPLICIT_RETAIN_SELF = YES;
				CLANG_WARN_OBJC_LITERAL_CONVERSION = YES;
				CLANG_WARN_OBJC_ROOT_CLASS = YES_ERROR;
				CLANG_WARN_QUOTED_INCLUDE_IN_FRAMEWORK_HEADER = YES;
				CLANG_WARN_RANGE_LOOP_ANALYSIS = YES;
				CLANG_WARN_STRICT_PROTOTYPES = YES;
				CLANG_WARN_SUSPICIOUS_MOVE = YES;
				CLANG_WARN_UNGUARDED_AVAILABILITY = YES_AGGRESSIVE;
				CLANG_WARN_UNREACHABLE_CODE = YES;
				CLANG_WARN__DUPLICATE_METHOD_MATCH = YES;
				COPY_PHASE_STRIP = NO;
				DEBUG_INFORMATION_FORMAT = dwarf;
				DEVELOPMENT_TEAM = 4436NFSLJ4;
				ENABLE_STRICT_OBJC_MSGSEND = YES;
				ENABLE_TESTABILITY = YES;
				ENABLE_USER_SCRIPT_SANDBOXING = YES;
				GCC_C_LANGUAGE_STANDARD = gnu17;
				GCC_DYNAMIC_NO_PIC = NO;
				GCC_NO_COMMON_BLOCKS = YES;
				GCC_OPTIMIZATION_LEVEL = 0;
				GCC_PREPROCESSOR_DEFINITIONS = (
					"DEBUG=1",
					"$(inherited)",
				);
				GCC_WARN_64_TO_32_BIT_CONVERSION = YES;
				GCC_WARN_ABOUT_RETURN_TYPE = YES_ERROR;
				GCC_WARN_UNDECLARED_SELECTOR = YES;
				GCC_WARN_UNINITIALIZED_AUTOS = YES_AGGRESSIVE;
				GCC_WARN_UNUSED_FUNCTION = YES;
				GCC_WARN_UNUSED_VARIABLE = YES;
				LOCALIZATION_PREFERS_STRING_CATALOGS = YES;
				MACOSX_DEPLOYMENT_TARGET = 15.4;
				MTL_ENABLE_DEBUG_INFO = INCLUDE_SOURCE;
				MTL_FAST_MATH = YES;
				ONLY_ACTIVE_ARCH = YES;
				SDKROOT = macosx;
				SWIFT_ACTIVE_COMPILATION_CONDITIONS = "DEBUG $(inherited)";
				SWIFT_OPTIMIZATION_LEVEL = "-Onone";
			};
			name = Debug;
		};
		6286319B2DB033AE0090F958 /* Release */ = {
			isa = XCBuildConfiguration;
			buildSettings = {
				ALWAYS_SEARCH_USER_PATHS = NO;
				ASSETCATALOG_COMPILER_GENERATE_SWIFT_ASSET_SYMBOL_EXTENSIONS = YES;
				CLANG_ANALYZER_NONNULL = YES;
				CLANG_ANALYZER_NUMBER_OBJECT_CONVERSION = YES_AGGRESSIVE;
				CLANG_CXX_LANGUAGE_STANDARD = "gnu++20";
				CLANG_ENABLE_MODULES = YES;
				CLANG_ENABLE_OBJC_ARC = YES;
				CLANG_ENABLE_OBJC_WEAK = YES;
				CLANG_WARN_BLOCK_CAPTURE_AUTORELEASING = YES;
				CLANG_WARN_BOOL_CONVERSION = YES;
				CLANG_WARN_COMMA = YES;
				CLANG_WARN_CONSTANT_CONVERSION = YES;
				CLANG_WARN_DEPRECATED_OBJC_IMPLEMENTATIONS = YES;
				CLANG_WARN_DIRECT_OBJC_ISA_USAGE = YES_ERROR;
				CLANG_WARN_DOCUMENTATION_COMMENTS = YES;
				CLANG_WARN_EMPTY_BODY = YES;
				CLANG_WARN_ENUM_CONVERSION = YES;
				CLANG_WARN_INFINITE_RECURSION = YES;
				CLANG_WARN_INT_CONVERSION = YES;
				CLANG_WARN_NON_LITERAL_NULL_CONVERSION = YES;
				CLANG_WARN_OBJC_IMPLICIT_RETAIN_SELF = YES;
				CLANG_WARN_OBJC_LITERAL_CONVERSION = YES;
				CLANG_WARN_OBJC_ROOT_CLASS = YES_ERROR;
				CLANG_WARN_QUOTED_INCLUDE_IN_FRAMEWORK_HEADER = YES;
				CLANG_WARN_RANGE_LOOP_ANALYSIS = YES;
				CLANG_WARN_STRICT_PROTOTYPES = YES;
				CLANG_WARN_SUSPICIOUS_MOVE = YES;
				CLANG_WARN_UNGUARDED_AVAILABILITY = YES_AGGRESSIVE;
				CLANG_WARN_UNREACHABLE_CODE = YES;
				CLANG_WARN__DUPLICATE_METHOD_MATCH = YES;
				COPY_PHASE_STRIP = NO;
				DEBUG_INFORMATION_FORMAT = "dwarf-with-dsym";
				DEVELOPMENT_TEAM = 4436NFSLJ4;
				ENABLE_NS_ASSERTIONS = NO;
				ENABLE_STRICT_OBJC_MSGSEND = YES;
				ENABLE_USER_SCRIPT_SANDBOXING = YES;
				GCC_C_LANGUAGE_STANDARD = gnu17;
				GCC_NO_COMMON_BLOCKS = YES;
				GCC_WARN_64_TO_32_BIT_CONVERSION = YES;
				GCC_WARN_ABOUT_RETURN_TYPE = YES_ERROR;
				GCC_WARN_UNDECLARED_SELECTOR = YES;
				GCC_WARN_UNINITIALIZED_AUTOS = YES_AGGRESSIVE;
				GCC_WARN_UNUSED_FUNCTION = YES;
				GCC_WARN_UNUSED_VARIABLE = YES;
				LOCALIZATION_PREFERS_STRING_CATALOGS = YES;
				MACOSX_DEPLOYMENT_TARGET = 15.4;
				MTL_ENABLE_DEBUG_INFO = NO;
				MTL_FAST_MATH = YES;
				SDKROOT = macosx;
				SWIFT_COMPILATION_MODE = wholemodule;
			};
			name = Release;
		};
		6286319D2DB033AE0090F958 /* Debug */ = {
			isa = XCBuildConfiguration;
			buildSettings = {
				ASSETCATALOG_COMPILER_APPICON_NAME = AppIcon;
				ASSETCATALOG_COMPILER_GLOBAL_ACCENT_COLOR_NAME = AccentColor;
				CODE_SIGN_ENTITLEMENTS = bThermometer/bThermometer.entitlements;
				CODE_SIGN_STYLE = Automatic;
				COMBINE_HIDPI_IMAGES = YES;
				CURRENT_PROJECT_VERSION = 1;
				DEVELOPMENT_TEAM = 4436NFSLJ4;
				ENABLE_HARDENED_RUNTIME = YES;
				ENABLE_PREVIEWS = YES;
				GENERATE_INFOPLIST_FILE = YES;
				INFOPLIST_KEY_NSHumanReadableCopyright = "";
				LD_RUNPATH_SEARCH_PATHS = (
					"$(inherited)",
					"@executable_path/../Frameworks",
				);
				MARKETING_VERSION = 1.0;
				PRODUCT_BUNDLE_IDENTIFIER = bSoft.bThermometer;
				PRODUCT_NAME = "$(TARGET_NAME)";
				REGISTER_APP_GROUPS = YES;
				SWIFT_EMIT_LOC_STRINGS = YES;
				SWIFT_VERSION = 5.0;
			};
			name = Debug;
		};
		6286319E2DB033AE0090F958 /* Release */ = {
			isa = XCBuildConfiguration;
			buildSettings = {
				ASSETCATALOG_COMPILER_APPICON_NAME = AppIcon;
				ASSETCATALOG_COMPILER_GLOBAL_ACCENT_COLOR_NAME = AccentColor;
				CODE_SIGN_ENTITLEMENTS = bThermometer/bThermometer.entitlements;
				CODE_SIGN_STYLE = Automatic;
				COMBINE_HIDPI_IMAGES = YES;
				CURRENT_PROJECT_VERSION = 1;
				DEVELOPMENT_TEAM = 4436NFSLJ4;
				ENABLE_HARDENED_RUNTIME = YES;
				ENABLE_PREVIEWS = YES;
				GENERATE_INFOPLIST_FILE = YES;
				INFOPLIST_KEY_NSHumanReadableCopyright = "";
				LD_RUNPATH_SEARCH_PATHS = (
					"$(inherited)",
					"@executable_path/../Frameworks",
				);
				MARKETING_VERSION = 1.0;
				PRODUCT_BUNDLE_IDENTIFIER = bSoft.bThermometer;
				PRODUCT_NAME = "$(TARGET_NAME)";
				REGISTER_APP_GROUPS = YES;
				SWIFT_EMIT_LOC_STRINGS = YES;
				SWIFT_VERSION = 5.0;
			};
			name = Release;
		};
		628631A02DB033AE0090F958 /* Debug */ = {
			isa = XCBuildConfiguration;
			buildSettings = {
				BUNDLE_LOADER = "$(TEST_HOST)";
				CODE_SIGN_STYLE = Automatic;
				CURRENT_PROJECT_VERSION = 1;
				DEVELOPMENT_TEAM = 4436NFSLJ4;
				GENERATE_INFOPLIST_FILE = YES;
				MACOSX_DEPLOYMENT_TARGET = 15.4;
				MARKETING_VERSION = 1.0;
				PRODUCT_BUNDLE_IDENTIFIER = bSoft.bThermometerTests;
				PRODUCT_NAME = "$(TARGET_NAME)";
				SWIFT_EMIT_LOC_STRINGS = NO;
				SWIFT_VERSION = 5.0;
				TEST_HOST = "$(BUILT_PRODUCTS_DIR)/bThermometer.app/$(BUNDLE_EXECUTABLE_FOLDER_PATH)/bThermometer";
			};
			name = Debug;
		};
		628631A12DB033AE0090F958 /* Release */ = {
			isa = XCBuildConfiguration;
			buildSettings = {
				BUNDLE_LOADER = "$(TEST_HOST)";
				CODE_SIGN_STYLE = Automatic;
				CURRENT_PROJECT_VERSION = 1;
				DEVELOPMENT_TEAM = 4436NFSLJ4;
				GENERATE_INFOPLIST_FILE = YES;
				MACOSX_DEPLOYMENT_TARGET = 15.4;
				MARKETING_VERSION = 1.0;
				PRODUCT_BUNDLE_IDENTIFIER = bSoft.bThermometerTests;
				PRODUCT_NAME = "$(TARGET_NAME)";
				SWIFT_EMIT_LOC_STRINGS = NO;
				SWIFT_VERSION = 5.0;
				TEST_HOST = "$(BUILT_PRODUCTS_DIR)/bThermometer.app/$(BUNDLE_EXECUTABLE_FOLDER_PATH)/bThermometer";
			};
			name = Release;
		};
		628631A32DB033AE0090F958 /* Debug */ = {
			isa = XCBuildConfiguration;
			buildSettings = {
				CODE_SIGN_STYLE = Automatic;
				CURRENT_PROJECT_VERSION = 1;
				DEVELOPMENT_TEAM = 4436NFSLJ4;
				GENERATE_INFOPLIST_FILE = YES;
				MARKETING_VERSION = 1.0;
				PRODUCT_BUNDLE_IDENTIFIER = bSoft.bThermometerUITests;
				PRODUCT_NAME = "$(TARGET_NAME)";
				SWIFT_EMIT_LOC_STRINGS = NO;
				SWIFT_VERSION = 5.0;
				TEST_TARGET_NAME = bThermometer;
			};
			name = Debug;
		};
		628631A42DB033AE0090F958 /* Release */ = {
			isa = XCBuildConfiguration;
			buildSettings = {
				CODE_SIGN_STYLE = Automatic;
				CURRENT_PROJECT_VERSION = 1;
				DEVELOPMENT_TEAM = 4436NFSLJ4;
				GENERATE_INFOPLIST_FILE = YES;
				MARKETING_VERSION = 1.0;
				PRODUCT_BUNDLE_IDENTIFIER = bSoft.bThermometerUITests;
				PRODUCT_NAME = "$(TARGET_NAME)";
				SWIFT_EMIT_LOC_STRINGS = NO;
				SWIFT_VERSION = 5.0;
				TEST_TARGET_NAME = bThermometer;
			};
			name = Release;
		};
/* End XCBuildConfiguration section */

/* Begin XCConfigurationList section */
		628631752DB033AD0090F958 /* Build configuration list for PBXProject "bThermometer" */ = {
			isa = XCConfigurationList;
			buildConfigurations = (
				6286319A2DB033AE0090F958 /* Debug */,
				6286319B2DB033AE0090F958 /* Release */,
			);
			defaultConfigurationIsVisible = 0;
			defaultConfigurationName = Release;
		};
		6286319C2DB033AE0090F958 /* Build configuration list for PBXNativeTarget "bThermometer" */ = {
			isa = XCConfigurationList;
			buildConfigurations = (
				6286319D2DB033AE0090F958 /* Debug */,
				6286319E2DB033AE0090F958 /* Release */,
			);
			defaultConfigurationIsVisible = 0;
			defaultConfigurationName = Release;
		};
		6286319F2DB033AE0090F958 /* Build configuration list for PBXNativeTarget "bThermometerTests" */ = {
			isa = XCConfigurationList;
			buildConfigurations = (
				628631A02DB033AE0090F958 /* Debug */,
				628631A12DB033AE0090F958 /* Release */,
			);
			defaultConfigurationIsVisible = 0;
			defaultConfigurationName = Release;
		};
		628631A22DB033AE0090F958 /* Build configuration list for PBXNativeTarget "bThermometerUITests" */ = {
			isa = XCConfigurationList;
			buildConfigurations = (
				628631A32DB033AE0090F958 /* Debug */,
				628631A42DB033AE0090F958 /* Release */,
			);
			defaultConfigurationIsVisible = 0;
			defaultConfigurationName = Release;
		};
/* End XCConfigurationList section */
	};
	rootObject = 628631722DB033AD0090F958 /* Project object */;
}
